{
  "name": "admin-app",
  "lockfileVersion": 2,
  "requires": true,
  "packages": {
    "": {
      "dependencies": {
        "angular-in-memory-web-api": "^0.11.0"
      }
    },
    "node_modules/@angular/common": {
      "version": "14.0.6",
      "resolved": "https://registry.npmjs.org/@angular/common/-/common-14.0.6.tgz",
      "integrity": "sha512-AynjE7OOEfrdKmS3nu00tkf4g66cx97T6qhfaTvc3hKi45MreBcJkIMcSowF24peygvUN41htMJuq3WQLu92iQ==",
      "peer": true,
      "dependencies": {
        "tslib": "^2.3.0"
      },
      "engines": {
        "node": "^14.15.0 || >=16.10.0"
      },
      "peerDependencies": {
        "@angular/core": "14.0.6",
        "rxjs": "^6.5.3 || ^7.4.0"
      }
    },
    "node_modules/@angular/core": {
      "version": "14.0.6",
      "resolved": "https://registry.npmjs.org/@angular/core/-/core-14.0.6.tgz",
      "integrity": "sha512-hyQ3s9Yrm3ejhumgAC9ENhMFmvmPlJkk1tEOjruyoiHwK4EOaDpI+GCNQIBUB1Z3B/QLMlgZeMXrULQztjSQwg==",
      "peer": true,
      "dependencies": {
        "tslib": "^2.3.0"
      },
      "engines": {
        "node": "^14.15.0 || >=16.10.0"
      },
      "peerDependencies": {
        "rxjs": "^6.5.3 || ^7.4.0",
        "zone.js": "~0.11.4"
      }
    },
    "node_modules/angular-in-memory-web-api": {
      "version": "0.11.0",
      "resolved": "https://registry.npmjs.org/angular-in-memory-web-api/-/angular-in-memory-web-api-0.11.0.tgz",
      "integrity": "sha512-QV1qYHm+Zd+wrvlcPLnAcqqGpOmCN1EUj4rRuYHpek8+QqFFdxBNuPZOJCKvU7I97z5QSKHsdc6PNKlpUQr3UA==",
      "peerDependencies": {
        "@angular/common": ">=8.0.0",
        "@angular/core": ">=8.0.0",
        "rxjs": "^6.0.0"
      }
    },
    "node_modules/rxjs": {
      "version": "6.6.7",
      "resolved": "https://registry.npmjs.org/rxjs/-/rxjs-6.6.7.tgz",
      "integrity": "sha512-hTdwr+7yYNIT5n4AMYp85KA6yw2Va0FLa3Rguvbpa4W3I5xynaBZo41cM3XM+4Q6fRMj3sBYIR1VAmZMXYJvRQ==",
      "peer": true,
      "dependencies": {
        "tslib": "^1.9.0"
      },
      "engines": {
        "npm": ">=2.0.0"
      }
    },
    "node_modules/rxjs/node_modules/tslib": {
      "version": "1.14.1",
      "resolved": "https://registry.npmjs.org/tslib/-/tslib-1.14.1.tgz",
      "integrity": "sha512-Xni35NKzjgMrwevysHTCArtLDpPvye8zV/0E4EyYn43P7/7qvQwPh9BGkHewbMulVntbigmcT7rdX3BNo9wRJg==",
      "peer": true
    },
    "node_modules/tslib": {
      "version": "2.4.0",
      "resolved": "https://registry.npmjs.org/tslib/-/tslib-2.4.0.tgz",
      "integrity": "sha512-d6xOpEDfsi2CZVlPQzGeux8XMwLT9hssAsaPYExaQMuYskwb+x1x7J371tWlbBdWHroy99KnVB6qIkUbs5X3UQ==",
      "peer": true
    },
    "node_modules/zone.js": {
      "version": "0.11.6",
      "resolved": "https://registry.npmjs.org/zone.js/-/zone.js-0.11.6.tgz",
      "integrity": "sha512-umJqFtKyZlPli669gB1gOrRE9hxUUGkZr7mo878z+NEBJZZixJkKeVYfnoLa7g25SseUDc92OZrMKKHySyJrFg==",
      "peer": true,
      "dependencies": {
        "tslib": "^2.3.0"
      }
    }
  },
  "dependencies": {
    "@angular/common": {
      "version": "14.0.6",
      "resolved": "https://registry.npmjs.org/@angular/common/-/common-14.0.6.tgz",
      "integrity": "sha512-AynjE7OOEfrdKmS3nu00tkf4g66cx97T6qhfaTvc3hKi45MreBcJkIMcSowF24peygvUN41htMJuq3WQLu92iQ==",
      "peer": true,
      "requires": {
        "tslib": "^2.3.0"
      }
    },
    "@angular/core": {
      "version": "14.0.6",
      "resolved": "https://registry.npmjs.org/@angular/core/-/core-14.0.6.tgz",
      "integrity": "sha512-hyQ3s9Yrm3ejhumgAC9ENhMFmvmPlJkk1tEOjruyoiHwK4EOaDpI+GCNQIBUB1Z3B/QLMlgZeMXrULQztjSQwg==",
      "peer": true,
      "requires": {
        "tslib": "^2.3.0"
      }
    },
    "angular-in-memory-web-api": {
      "version": "0.11.0",
      "resolved": "https://registry.npmjs.org/angular-in-memory-web-api/-/angular-in-memory-web-api-0.11.0.tgz",
      "integrity": "sha512-QV1qYHm+Zd+wrvlcPLnAcqqGpOmCN1EUj4rRuYHpek8+QqFFdxBNuPZOJCKvU7I97z5QSKHsdc6PNKlpUQr3UA==",
      "requires": {}
    },
    "rxjs": {
      "version": "6.6.7",
      "resolved": "https://registry.npmjs.org/rxjs/-/rxjs-6.6.7.tgz",
      "integrity": "sha512-hTdwr+7yYNIT5n4AMYp85KA6yw2Va0FLa3Rguvbpa4W3I5xynaBZo41cM3XM+4Q6fRMj3sBYIR1VAmZMXYJvRQ==",
      "peer": true,
      "requires": {
        "tslib": "^1.9.0"
      },
      "dependencies": {
        "tslib": {
          "version": "1.14.1",
          "resolved": "https://registry.npmjs.org/tslib/-/tslib-1.14.1.tgz",
          "integrity": "sha512-Xni35NKzjgMrwevysHTCArtLDpPvye8zV/0E4EyYn43P7/7qvQwPh9BGkHewbMulVntbigmcT7rdX3BNo9wRJg==",
          "peer": true
        }
      }
    },
    "tslib": {
      "version": "2.4.0",
      "resolved": "https://registry.npmjs.org/tslib/-/tslib-2.4.0.tgz",
      "integrity": "sha512-d6xOpEDfsi2CZVlPQzGeux8XMwLT9hssAsaPYExaQMuYskwb+x1x7J371tWlbBdWHroy99KnVB6qIkUbs5X3UQ==",
      "peer": true
    },
    "zone.js": {
      "version": "0.11.6",
      "resolved": "https://registry.npmjs.org/zone.js/-/zone.js-0.11.6.tgz",
      "integrity": "sha512-umJqFtKyZlPli669gB1gOrRE9hxUUGkZr7mo878z+NEBJZZixJkKeVYfnoLa7g25SseUDc92OZrMKKHySyJrFg==",
      "peer": true,
      "requires": {
        "tslib": "^2.3.0"
      }
    }
  }
}
